
Microsoft Visual Studio Solution File, Format Version 12.00
# Visual Studio 15
VisualStudioVersion = 15.0.28307.271
MinimumVisualStudioVersion = 10.0.40219.1
Project("{9A19103F-16F7-4668-BE54-9A1E7A4F7556}") = "Upmarket2", "Upmarket2\Upmarket2.csproj", "{8F0D2FF9-ADDB-4D5F-ACC7-3878C03BB0DD}"
EndProject
Global
	GlobalSection(SolutionConfigurationPlatforms) = preSolution
		Debug|Any CPU = Debug|Any CPU
		Release|Any CPU = Release|Any CPU
	EndGlobalSection
	GlobalSection(ProjectConfigurationPlatforms) = postSolution
		{8F0D2FF9-ADDB-4D5F-ACC7-3878C03BB0DD}.Debug|Any CPU.ActiveCfg = Debug|Any CPU
		{8F0D2FF9-ADDB-4D5F-ACC7-3878C03BB0DD}.Debug|Any CPU.Build.0 = Debug|Any CPU
		{8F0D2FF9-ADDB-4D5F-ACC7-3878C03BB0DD}.Release|Any CPU.ActiveCfg = Release|Any CPU
		{8F0D2FF9-ADDB-4D5F-ACC7-3878C03BB0DD}.Release|Any CPU.Build.0 = Release|Any CPU
	EndGlobalSection
	GlobalSection(SolutionProperties) = preSolution
		HideSolutionNode = FALSE
	EndGlobalSection
	GlobalSection(ExtensibilityGlobals) = postSolution
		SolutionGuid = {53F0C91E-77B6-4122-A0C3-97B5C98783E7}
	EndGlobalSection
EndGlobal
